// !$*UTF8*$!
{
	archiveVersion = 1;
	classes = {
	};
	objectVersion = 46;
	objects = {

/* Begin PBXBuildFile section */
		6C01FF221CE1C7C0001E648C /* MineInforViewController.m in Sources */ = {isa = PBXBuildFile; fileRef = 6C01FF201CE1C7C0001E648C /* MineInforViewController.m */; };
		6C01FF231CE1C7C0001E648C /* MineInforViewController.xib in Resources */ = {isa = PBXBuildFile; fileRef = 6C01FF211CE1C7C0001E648C /* MineInforViewController.xib */; };
		6C05CBAC1D08192300F71A98 /* ClassPersonViewController.m in Sources */ = {isa = PBXBuildFile; fileRef = 6C05CBAB1D08192300F71A98 /* ClassPersonViewController.m */; };
		6C6358F71D0E515D00FB4603 /* TeacherRemarkViewController.m in Sources */ = {isa = PBXBuildFile; fileRef = 6C6358F51D0E515D00FB4603 /* TeacherRemarkViewController.m */; };
		6C6358F81D0E515D00FB4603 /* TeacherRemarkViewController.xib in Resources */ = {isa = PBXBuildFile; fileRef = 6C6358F61D0E515D00FB4603 /* TeacherRemarkViewController.xib */; };
		6CC442F520AD6AF800B9CDFE /* DCPicScrollView.m in Sources */ = {isa = PBXBuildFile; fileRef = 6CC442F220AD6AF800B9CDFE /* DCPicScrollView.m */; };
		6CC442F620AD6AF800B9CDFE /* DCWebImageManager.m in Sources */ = {isa = PBXBuildFile; fileRef = 6CC442F420AD6AF800B9CDFE /* DCWebImageManager.m */; };
		6CC442FA20AD6B0500B9CDFE /* LTAlertView.m in Sources */ = {isa = PBXBuildFile; fileRef = 6CC442F920AD6B0500B9CDFE /* LTAlertView.m */; };
		6CF0D51B1D0C396300DA6D59 /* ClassSubjectViewController.m in Sources */ = {isa = PBXBuildFile; fileRef = 6CF0D51A1D0C396300DA6D59 /* ClassSubjectViewController.m */; };
		6CF0D51E1D0C4F3800DA6D59 /* SubjectInfViewController.m in Sources */ = {isa = PBXBuildFile; fileRef = 6CF0D51D1D0C4F3800DA6D59 /* SubjectInfViewController.m */; };
		6CF0D5221D0C77CC00DA6D59 /* SubjectInfTableViewCell.m in Sources */ = {isa = PBXBuildFile; fileRef = 6CF0D5201D0C77CC00DA6D59 /* SubjectInfTableViewCell.m */; };
		6CF0D5231D0C77CC00DA6D59 /* SubjectInfTableViewCell.xib in Resources */ = {isa = PBXBuildFile; fileRef = 6CF0D5211D0C77CC00DA6D59 /* SubjectInfTableViewCell.xib */; };
		6CF1FD7B1D0BE87E00FB1C9A /* desk.png in Resources */ = {isa = PBXBuildFile; fileRef = 6CF1FD7A1D0BE87E00FB1C9A /* desk.png */; };
		6CF31CA31CC7610200084C14 /* WBPopMenuModel.m in Sources */ = {isa = PBXBuildFile; fileRef = 6CF31C981CC7610200084C14 /* WBPopMenuModel.m */; };
		6CF31CA41CC7610200084C14 /* WBPopMenuSingleton.m in Sources */ = {isa = PBXBuildFile; fileRef = 6CF31C9A1CC7610200084C14 /* WBPopMenuSingleton.m */; };
		6CF31CA51CC7610200084C14 /* WBPopMenuView.m in Sources */ = {isa = PBXBuildFile; fileRef = 6CF31C9C1CC7610200084C14 /* WBPopMenuView.m */; };
		6CF31CA61CC7610200084C14 /* WBTableViewCell.m in Sources */ = {isa = PBXBuildFile; fileRef = 6CF31C9E1CC7610200084C14 /* WBTableViewCell.m */; };
		6CF31CA71CC7610200084C14 /* WBTableViewDataSource.m in Sources */ = {isa = PBXBuildFile; fileRef = 6CF31CA01CC7610200084C14 /* WBTableViewDataSource.m */; };
		6CF31CA81CC7610200084C14 /* WBTableViewDelegate.m in Sources */ = {isa = PBXBuildFile; fileRef = 6CF31CA21CC7610200084C14 /* WBTableViewDelegate.m */; };
		6CF31CAD1CC761B900084C14 /* addHang.png in Resources */ = {isa = PBXBuildFile; fileRef = 6CF31CAA1CC761B900084C14 /* addHang.png */; };
		6CF31CAE1CC761B900084C14 /* addLie.png in Resources */ = {isa = PBXBuildFile; fileRef = 6CF31CAB1CC761B900084C14 /* addLie.png */; };
		6CF31CAF1CC761B900084C14 /* addOne.png in Resources */ = {isa = PBXBuildFile; fileRef = 6CF31CAC1CC761B900084C14 /* addOne.png */; };
		6CF31CB11CC7630E00084C14 /* addIcon.png in Resources */ = {isa = PBXBuildFile; fileRef = 6CF31CB01CC7630E00084C14 /* addIcon.png */; };
		6CF31CBF1CC77A3E00084C14 /* GiFHUD.m in Sources */ = {isa = PBXBuildFile; fileRef = 6CF31CB41CC77A3E00084C14 /* GiFHUD.m */; };
		6CF31CC01CC77A3E00084C14 /* MBProgressHUD+LJ.m in Sources */ = {isa = PBXBuildFile; fileRef = 6CF31CB71CC77A3E00084C14 /* MBProgressHUD+LJ.m */; };
		6CF31CC11CC77A3E00084C14 /* MBProgressHUD.bundle in Resources */ = {isa = PBXBuildFile; fileRef = 6CF31CB81CC77A3E00084C14 /* MBProgressHUD.bundle */; };
		6CF31CC21CC77A3E00084C14 /* MBProgressHUD.m in Sources */ = {isa = PBXBuildFile; fileRef = 6CF31CBA1CC77A3E00084C14 /* MBProgressHUD.m */; };
		6CF31CC31CC77A3E00084C14 /* pika2.gif in Resources */ = {isa = PBXBuildFile; fileRef = 6CF31CBB1CC77A3E00084C14 /* pika2.gif */; };
		6CF31CC41CC77A3E00084C14 /* pika3.gif in Resources */ = {isa = PBXBuildFile; fileRef = 6CF31CBC1CC77A3E00084C14 /* pika3.gif */; };
		6CF31CC51CC77A3E00084C14 /* UIImage+GIF.m in Sources */ = {isa = PBXBuildFile; fileRef = 6CF31CBE1CC77A3E00084C14 /* UIImage+GIF.m */; };
		6CF551F41CFEDC9C00DC3330 /* ClassTableViewCell.m in Sources */ = {isa = PBXBuildFile; fileRef = 6CF551F21CFEDC9C00DC3330 /* ClassTableViewCell.m */; };
		6CF551F51CFEDC9C00DC3330 /* ClassTableViewCell.xib in Resources */ = {isa = PBXBuildFile; fileRef = 6CF551F31CFEDC9C00DC3330 /* ClassTableViewCell.xib */; };
		6CF551F81CFEDFF000DC3330 /* ClassMateEngine.m in Sources */ = {isa = PBXBuildFile; fileRef = 6CF551F71CFEDFF000DC3330 /* ClassMateEngine.m */; };
		6CF66D181D0D4C1D002CEA08 /* HistroyViewController.m in Sources */ = {isa = PBXBuildFile; fileRef = 6CF66D171D0D4C1D002CEA08 /* HistroyViewController.m */; };
		6CF79B891CBCB8670081CD50 /* main.m in Sources */ = {isa = PBXBuildFile; fileRef = 6CF79B881CBCB8670081CD50 /* main.m */; };
		6CF79B8C1CBCB8670081CD50 /* AppDelegate.m in Sources */ = {isa = PBXBuildFile; fileRef = 6CF79B8B1CBCB8670081CD50 /* AppDelegate.m */; };
		6CF79B8F1CBCB8670081CD50 /* ViewController.m in Sources */ = {isa = PBXBuildFile; fileRef = 6CF79B8E1CBCB8670081CD50 /* ViewController.m */; };
		6CF79B921CBCB8670081CD50 /* Main.storyboard in Resources */ = {isa = PBXBuildFile; fileRef = 6CF79B901CBCB8670081CD50 /* Main.storyboard */; };
		6CF79B941CBCB8670081CD50 /* Assets.xcassets in Resources */ = {isa = PBXBuildFile; fileRef = 6CF79B931CBCB8670081CD50 /* Assets.xcassets */; };
		6CF79B971CBCB8670081CD50 /* LaunchScreen.storyboard in Resources */ = {isa = PBXBuildFile; fileRef = 6CF79B951CBCB8670081CD50 /* LaunchScreen.storyboard */; };
		6CF79BA21CBCB8670081CD50 /* AppraisalSystemTests.m in Sources */ = {isa = PBXBuildFile; fileRef = 6CF79BA11CBCB8670081CD50 /* AppraisalSystemTests.m */; };
		6CF79BAD1CBCB8670081CD50 /* AppraisalSystemUITests.m in Sources */ = {isa = PBXBuildFile; fileRef = 6CF79BAC1CBCB8670081CD50 /* AppraisalSystemUITests.m */; };
		6CF79BBB1CBCBBCC0081CD50 /* Podfile in Resources */ = {isa = PBXBuildFile; fileRef = 6CF79BBA1CBCBBCC0081CD50 /* Podfile */; };
		6CF79BBD1CBCCAD10081CD50 /* LoginInterface.png in Resources */ = {isa = PBXBuildFile; fileRef = 6CF79BBC1CBCCAD10081CD50 /* LoginInterface.png */; };
		6CF79BC01CBCD2CE0081CD50 /* eye_open.png in Resources */ = {isa = PBXBuildFile; fileRef = 6CF79BBE1CBCD2CE0081CD50 /* eye_open.png */; };
		6CF79BC11CBCD2CE0081CD50 /* eye_closed.png in Resources */ = {isa = PBXBuildFile; fileRef = 6CF79BBF1CBCD2CE0081CD50 /* eye_closed.png */; };
		6CF79BC81CBCD84D0081CD50 /* RegisterBtn.PNG in Resources */ = {isa = PBXBuildFile; fileRef = 6CF79BC61CBCD84D0081CD50 /* RegisterBtn.PNG */; };
		6CF79BC91CBCD84D0081CD50 /* LoginBtn.PNG in Resources */ = {isa = PBXBuildFile; fileRef = 6CF79BC71CBCD84D0081CD50 /* LoginBtn.PNG */; };
		6CF79BCD1CBCE0EA0081CD50 /* RegisterViewController.m in Sources */ = {isa = PBXBuildFile; fileRef = 6CF79BCB1CBCE0EA0081CD50 /* RegisterViewController.m */; };
		6CF79BCE1CBCE0EA0081CD50 /* RegisterViewController.xib in Resources */ = {isa = PBXBuildFile; fileRef = 6CF79BCC1CBCE0EA0081CD50 /* RegisterViewController.xib */; };
		6CF79BD01CBCEAF30081CD50 /* RegisterInterface.png in Resources */ = {isa = PBXBuildFile; fileRef = 6CF79BCF1CBCEAF30081CD50 /* RegisterInterface.png */; };
		6CF79BD21CBCED1C0081CD50 /* ReturnBtn.PNG in Resources */ = {isa = PBXBuildFile; fileRef = 6CF79BD11CBCED1C0081CD50 /* ReturnBtn.PNG */; };
		6CF9ED6B1D0F3C7D00BE9F19 /* AddSdtViewController.m in Sources */ = {isa = PBXBuildFile; fileRef = 6CF9ED691D0F3C7D00BE9F19 /* AddSdtViewController.m */; };
		6CF9ED6C1D0F3C7D00BE9F19 /* AddSdtViewController.xib in Resources */ = {isa = PBXBuildFile; fileRef = 6CF9ED6A1D0F3C7D00BE9F19 /* AddSdtViewController.xib */; };
		6CFAF6A81CBE6DC600889424 /* LTPickerView.m in Sources */ = {isa = PBXBuildFile; fileRef = 6CFAF6A61CBE6DC600889424 /* LTPickerView.m */; };
		6CFAF6A91CBE6DC600889424 /* LTPickerView.xib in Resources */ = {isa = PBXBuildFile; fileRef = 6CFAF6A71CBE6DC600889424 /* LTPickerView.xib */; };
		6CFAF6AE1CBE90F600889424 /* blueWhite.png in Resources */ = {isa = PBXBuildFile; fileRef = 6CFAF6AD1CBE90F600889424 /* blueWhite.png */; };
		6CFAF6B01CBE92D400889424 /* Icon.png in Resources */ = {isa = PBXBuildFile; fileRef = 6CFAF6AF1CBE92D400889424 /* Icon.png */; };
		6CFAF6B51CBEA52300889424 /* classIcon.png in Resources */ = {isa = PBXBuildFile; fileRef = 6CFAF6B21CBEA52300889424 /* classIcon.png */; };
		6CFAF6B61CBEA52300889424 /* colleagueIcon.png in Resources */ = {isa = PBXBuildFile; fileRef = 6CFAF6B31CBEA52300889424 /* colleagueIcon.png */; };
		6CFAF6B71CBEA52300889424 /* infermationIcon.png in Resources */ = {isa = PBXBuildFile; fileRef = 6CFAF6B41CBEA52300889424 /* infermationIcon.png */; };
		6CFAF6BB1CBEAA8D00889424 /* classIcon2.png in Resources */ = {isa = PBXBuildFile; fileRef = 6CFAF6B81CBEAA8D00889424 /* classIcon2.png */; };
		6CFAF6BC1CBEAA8D00889424 /* colleagueIcon2.png in Resources */ = {isa = PBXBuildFile; fileRef = 6CFAF6B91CBEAA8D00889424 /* colleagueIcon2.png */; };
		6CFAF6BD1CBEAA8D00889424 /* infermationIcon2.png in Resources */ = {isa = PBXBuildFile; fileRef = 6CFAF6BA1CBEAA8D00889424 /* infermationIcon2.png */; };
		6CFAF6C11CBEAB7700889424 /* TabViewController.m in Sources */ = {isa = PBXBuildFile; fileRef = 6CFAF6C01CBEAB7700889424 /* TabViewController.m */; };
		6CFAF6D01CBEAE0C00889424 /* ColleagueViewController.m in Sources */ = {isa = PBXBuildFile; fileRef = 6CFAF6CF1CBEAE0C00889424 /* ColleagueViewController.m */; };
		6CFAF6D31CBEAE2800889424 /* ClassMatesViewController.m in Sources */ = {isa = PBXBuildFile; fileRef = 6CFAF6D21CBEAE2800889424 /* ClassMatesViewController.m */; };
		6CFAF6D61CBEAE3900889424 /* MineViewController.m in Sources */ = {isa = PBXBuildFile; fileRef = 6CFAF6D51CBEAE3900889424 /* MineViewController.m */; };
		6CFBC5801CECE34900C0E1DD /* banner1.png in Resources */ = {isa = PBXBuildFile; fileRef = 6CFBC57D1CECE34900C0E1DD /* banner1.png */; };
		6CFBC5811CECE34900C0E1DD /* banner1.png in Resources */ = {isa = PBXBuildFile; fileRef = 6CFBC57D1CECE34900C0E1DD /* banner1.png */; };
		6CFBC5821CECE34900C0E1DD /* banner2.png in Resources */ = {isa = PBXBuildFile; fileRef = 6CFBC57E1CECE34900C0E1DD /* banner2.png */; };
		6CFBC5831CECE34900C0E1DD /* banner2.png in Resources */ = {isa = PBXBuildFile; fileRef = 6CFBC57E1CECE34900C0E1DD /* banner2.png */; };
		6CFBC5841CECE34900C0E1DD /* banner3.png in Resources */ = {isa = PBXBuildFile; fileRef = 6CFBC57F1CECE34900C0E1DD /* banner3.png */; };
		6CFBC5851CECE34900C0E1DD /* banner3.png in Resources */ = {isa = PBXBuildFile; fileRef = 6CFBC57F1CECE34900C0E1DD /* banner3.png */; };
		6CFEFA221CCCC3F80010B4C3 /* TeachInforViewController.m in Sources */ = {isa = PBXBuildFile; fileRef = 6CFEFA201CCCC3F70010B4C3 /* TeachInforViewController.m */; };
		6CFEFA231CCCC3F80010B4C3 /* TeachInforViewController.xib in Resources */ = {isa = PBXBuildFile; fileRef = 6CFEFA211CCCC3F70010B4C3 /* TeachInforViewController.xib */; };
		6CFEFA291CCD14870010B4C3 /* XWInteractiveTransition.m in Sources */ = {isa = PBXBuildFile; fileRef = 6CFEFA261CCD14870010B4C3 /* XWInteractiveTransition.m */; };
		6CFEFA2A1CCD14870010B4C3 /* XWPresentOneTransition.m in Sources */ = {isa = PBXBuildFile; fileRef = 6CFEFA281CCD14870010B4C3 /* XWPresentOneTransition.m */; };
		6CFEFA2F1CCD26670010B4C3 /* UIView+ FrameChange.m in Sources */ = {isa = PBXBuildFile; fileRef = 6CFEFA2B1CCD26670010B4C3 /* UIView+ FrameChange.m */; };
		6CFEFA301CCD26670010B4C3 /* UIView+anchorPoint.m in Sources */ = {isa = PBXBuildFile; fileRef = 6CFEFA2D1CCD26670010B4C3 /* UIView+anchorPoint.m */; };
		6CFF5CBC1CC6778C00406052 /* menuIcon.png in Resources */ = {isa = PBXBuildFile; fileRef = 6CFF5CBB1CC6778C00406052 /* menuIcon.png */; };
		6CFF5CC81CC67DE200406052 /* LLAnimationManager.m in Sources */ = {isa = PBXBuildFile; fileRef = 6CFF5CBF1CC67DE200406052 /* LLAnimationManager.m */; };
		6CFF5CC91CC67DE200406052 /* LLCircleLayer.m in Sources */ = {isa = PBXBuildFile; fileRef = 6CFF5CC11CC67DE200406052 /* LLCircleLayer.m */; };
		6CFF5CCA1CC67DE200406052 /* LLDisplayLayer.m in Sources */ = {isa = PBXBuildFile; fileRef = 6CFF5CC31CC67DE200406052 /* LLDisplayLayer.m */; };
		6CFF5CCB1CC67DE200406052 /* LLSlideMenu.m in Sources */ = {isa = PBXBuildFile; fileRef = 6CFF5CC51CC67DE200406052 /* LLSlideMenu.m */; };
		6CFF5CCC1CC67DE200406052 /* UIView+SetRect.m in Sources */ = {isa = PBXBuildFile; fileRef = 6CFF5CC71CC67DE200406052 /* UIView+SetRect.m */; };
		6CFF5CCE1CC6801C00406052 /* doge.jpg in Resources */ = {isa = PBXBuildFile; fileRef = 6CFF5CCD1CC6801C00406052 /* doge.jpg */; };
		6CFF5CD01CC6954800406052 /* menuBg.png in Resources */ = {isa = PBXBuildFile; fileRef = 6CFF5CCF1CC6954800406052 /* menuBg.png */; };
		AF914184F0BCB3C8BC336185 /* libPods.a in Frameworks */ = {isa = PBXBuildFile; fileRef = 6A01ADC1DCAAD0795A562DA2 /* libPods.a */; };
/* End PBXBuildFile section */

/* Begin PBXContainerItemProxy section */
		6CF79B9E1CBCB8670081CD50 /* PBXContainerItemProxy */ = {
			isa = PBXContainerItemProxy;
			containerPortal = 6CF79B7C1CBCB8670081CD50 /* Project object */;
			proxyType = 1;
			remoteGlobalIDString = 6CF79B831CBCB8670081CD50;
			remoteInfo = AppraisalSystem;
		};
		6CF79BA91CBCB8670081CD50 /* PBXContainerItemProxy */ = {
			isa = PBXContainerItemProxy;
			containerPortal = 6CF79B7C1CBCB8670081CD50 /* Project object */;
			proxyType = 1;
			remoteGlobalIDString = 6CF79B831CBCB8670081CD50;
			remoteInfo = AppraisalSystem;
		};
/* End PBXContainerItemProxy section */

/* Begin PBXFileReference section */
		05F4FF5B82CBF08955A98B7D /* Pods.release.xcconfig */ = {isa = PBXFileReference; includeInIndex = 1; lastKnownFileType = text.xcconfig; name = Pods.release.xcconfig; path = "Pods/Target Support Files/Pods/Pods.release.xcconfig"; sourceTree = "<group>"; };
		6A01ADC1DCAAD0795A562DA2 /* libPods.a */ = {isa = PBXFileReference; explicitFileType = archive.ar; includeInIndex = 0; path = libPods.a; sourceTree = BUILT_PRODUCTS_DIR; };
		6C01FF1F1CE1C7C0001E648C /* MineInforViewController.h */ = {isa = PBXFileReference; fileEncoding = 4; lastKnownFileType = sourcecode.c.h; path = MineInforViewController.h; sourceTree = "<group>"; };
		6C01FF201CE1C7C0001E648C /* MineInforViewController.m */ = {isa = PBXFileReference; fileEncoding = 4; lastKnownFileType = sourcecode.c.objc; path = MineInforViewController.m; sourceTree = "<group>"; };
		6C01FF211CE1C7C0001E648C /* MineInforViewController.xib */ = {isa = PBXFileReference; fileEncoding = 4; lastKnownFileType = file.xib; path = MineInforViewController.xib; sourceTree = "<group>"; };
		6C05CBAA1D08192300F71A98 /* ClassPersonViewController.h */ = {isa = PBXFileReference; fileEncoding = 4; lastKnownFileType = sourcecode.c.h; path = ClassPersonViewController.h; sourceTree = "<group>"; };
		6C05CBAB1D08192300F71A98 /* ClassPersonViewController.m */ = {isa = PBXFileReference; fileEncoding = 4; lastKnownFileType = sourcecode.c.objc; path = ClassPersonViewController.m; sourceTree = "<group>"; };
		6C6358F41D0E515D00FB4603 /* TeacherRemarkViewController.h */ = {isa = PBXFileReference; fileEncoding = 4; lastKnownFileType = sourcecode.c.h; path = TeacherRemarkViewController.h; sourceTree = "<group>"; };
		6C6358F51D0E515D00FB4603 /* TeacherRemarkViewController.m */ = {isa = PBXFileReference; fileEncoding = 4; lastKnownFileType = sourcecode.c.objc; path = TeacherRemarkViewController.m; sourceTree = "<group>"; };
		6C6358F61D0E515D00FB4603 /* TeacherRemarkViewController.xib */ = {isa = PBXFileReference; fileEncoding = 4; lastKnownFileType = file.xib; path = TeacherRemarkViewController.xib; sourceTree = "<group>"; };
		6CC442F120AD6AF800B9CDFE /* DCPicScrollView.h */ = {isa = PBXFileReference; fileEncoding = 4; lastKnownFileType = sourcecode.c.h; path = DCPicScrollView.h; sourceTree = "<group>"; };
		6CC442F220AD6AF800B9CDFE /* DCPicScrollView.m */ = {isa = PBXFileReference; fileEncoding = 4; lastKnownFileType = sourcecode.c.objc; path = DCPicScrollView.m; sourceTree = "<group>"; };
		6CC442F320AD6AF800B9CDFE /* DCWebImageManager.h */ = {isa = PBXFileReference; fileEncoding = 4; lastKnownFileType = sourcecode.c.h; path = DCWebImageManager.h; sourceTree = "<group>"; };
		6CC442F420AD6AF800B9CDFE /* DCWebImageManager.m */ = {isa = PBXFileReference; fileEncoding = 4; lastKnownFileType = sourcecode.c.objc; path = DCWebImageManager.m; sourceTree = "<group>"; };
		6CC442F820AD6B0500B9CDFE /* LTAlertView.h */ = {isa = PBXFileReference; fileEncoding = 4; lastKnownFileType = sourcecode.c.h; path = LTAlertView.h; sourceTree = "<group>"; };
		6CC442F920AD6B0500B9CDFE /* LTAlertView.m */ = {isa = PBXFileReference; fileEncoding = 4; lastKnownFileType = sourcecode.c.objc; path = LTAlertView.m; sourceTree = "<group>"; };
		6CF0D5191D0C396300DA6D59 /* ClassSubjectViewController.h */ = {isa = PBXFileReference; fileEncoding = 4; lastKnownFileType = sourcecode.c.h; path = ClassSubjectViewController.h; sourceTree = "<group>"; };
		6CF0D51A1D0C396300DA6D59 /* ClassSubjectViewController.m */ = {isa = PBXFileReference; fileEncoding = 4; lastKnownFileType = sourcecode.c.objc; path = ClassSubjectViewController.m; sourceTree = "<group>"; };
		6CF0D51C1D0C4F3700DA6D59 /* SubjectInfViewController.h */ = {isa = PBXFileReference; fileEncoding = 4; lastKnownFileType = sourcecode.c.h; path = SubjectInfViewController.h; sourceTree = "<group>"; };
		6CF0D51D1D0C4F3800DA6D59 /* SubjectInfViewController.m */ = {isa = PBXFileReference; fileEncoding = 4; lastKnownFileType = sourcecode.c.objc; path = SubjectInfViewController.m; sourceTree = "<group>"; };
		6CF0D51F1D0C77CC00DA6D59 /* SubjectInfTableViewCell.h */ = {isa = PBXFileReference; fileEncoding = 4; lastKnownFileType = sourcecode.c.h; path = SubjectInfTableViewCell.h; sourceTree = "<group>"; };
		6CF0D5201D0C77CC00DA6D59 /* SubjectInfTableViewCell.m */ = {isa = PBXFileReference; fileEncoding = 4; lastKnownFileType = sourcecode.c.objc; path = SubjectInfTableViewCell.m; sourceTree = "<group>"; };
		6CF0D5211D0C77CC00DA6D59 /* SubjectInfTableViewCell.xib */ = {isa = PBXFileReference; fileEncoding = 4; lastKnownFileType = file.xib; path = SubjectInfTableViewCell.xib; sourceTree = "<group>"; };
		6CF1FD7A1D0BE87E00FB1C9A /* desk.png */ = {isa = PBXFileReference; lastKnownFileType = image.png; path = desk.png; sourceTree = "<group>"; };
		6CF31C971CC7610200084C14 /* WBPopMenuModel.h */ = {isa = PBXFileReference; fileEncoding = 4; lastKnownFileType = sourcecode.c.h; path = WBPopMenuModel.h; sourceTree = "<group>"; };
		6CF31C981CC7610200084C14 /* WBPopMenuModel.m */ = {isa = PBXFileReference; fileEncoding = 4; lastKnownFileType = sourcecode.c.objc; path = WBPopMenuModel.m; sourceTree = "<group>"; };
		6CF31C991CC7610200084C14 /* WBPopMenuSingleton.h */ = {isa = PBXFileReference; fileEncoding = 4; lastKnownFileType = sourcecode.c.h; path = WBPopMenuSingleton.h; sourceTree = "<group>"; };
		6CF31C9A1CC7610200084C14 /* WBPopMenuSingleton.m */ = {isa = PBXFileReference; fileEncoding = 4; lastKnownFileType = sourcecode.c.objc; path = WBPopMenuSingleton.m; sourceTree = "<group>"; };
		6CF31C9B1CC7610200084C14 /* WBPopMenuView.h */ = {isa = PBXFileReference; fileEncoding = 4; lastKnownFileType = sourcecode.c.h; path = WBPopMenuView.h; sourceTree = "<group>"; };
		6CF31C9C1CC7610200084C14 /* WBPopMenuView.m */ = {isa = PBXFileReference; fileEncoding = 4; lastKnownFileType = sourcecode.c.objc; path = WBPopMenuView.m; sourceTree = "<group>"; };
		6CF31C9D1CC7610200084C14 /* WBTableViewCell.h */ = {isa = PBXFileReference; fileEncoding = 4; lastKnownFileType = sourcecode.c.h; path = WBTableViewCell.h; sourceTree = "<group>"; };
		6CF31C9E1CC7610200084C14 /* WBTableViewCell.m */ = {isa = PBXFileReference; fileEncoding = 4; lastKnownFileType = sourcecode.c.objc; path = WBTableViewCell.m; sourceTree = "<group>"; };
		6CF31C9F1CC7610200084C14 /* WBTableViewDataSource.h */ = {isa = PBXFileReference; fileEncoding = 4; lastKnownFileType = sourcecode.c.h; path = WBTableViewDataSource.h; sourceTree = "<group>"; };
		6CF31CA01CC7610200084C14 /* WBTableViewDataSource.m */ = {isa = PBXFileReference; fileEncoding = 4; lastKnownFileType = sourcecode.c.objc; path = WBTableViewDataSource.m; sourceTree = "<group>"; };
		6CF31CA11CC7610200084C14 /* WBTableViewDelegate.h */ = {isa = PBXFileReference; fileEncoding = 4; lastKnownFileType = sourcecode.c.h; path = WBTableViewDelegate.h; sourceTree = "<group>"; };
		6CF31CA21CC7610200084C14 /* WBTableViewDelegate.m */ = {isa = PBXFileReference; fileEncoding = 4; lastKnownFileType = sourcecode.c.objc; path = WBTableViewDelegate.m; sourceTree = "<group>"; };
		6CF31CAA1CC761B900084C14 /* addHang.png */ = {isa = PBXFileReference; lastKnownFileType = image.png; path = addHang.png; sourceTree = "<group>"; };
		6CF31CAB1CC761B900084C14 /* addLie.png */ = {isa = PBXFileReference; lastKnownFileType = image.png; path = addLie.png; sourceTree = "<group>"; };
		6CF31CAC1CC761B900084C14 /* addOne.png */ = {isa = PBXFileReference; lastKnownFileType = image.png; path = addOne.png; sourceTree = "<group>"; };
		6CF31CB01CC7630E00084C14 /* addIcon.png */ = {isa = PBXFileReference; lastKnownFileType = image.png; path = addIcon.png; sourceTree = "<group>"; };
		6CF31CB31CC77A3E00084C14 /* GiFHUD.h */ = {isa = PBXFileReference; fileEncoding = 4; lastKnownFileType = sourcecode.c.h; path = GiFHUD.h; sourceTree = "<group>"; };
		6CF31CB41CC77A3E00084C14 /* GiFHUD.m */ = {isa = PBXFileReference; fileEncoding = 4; lastKnownFileType = sourcecode.c.objc; path = GiFHUD.m; sourceTree = "<group>"; };
		6CF31CB61CC77A3E00084C14 /* MBProgressHUD+LJ.h */ = {isa = PBXFileReference; fileEncoding = 4; lastKnownFileType = sourcecode.c.h; path = "MBProgressHUD+LJ.h"; sourceTree = "<group>"; };
		6CF31CB71CC77A3E00084C14 /* MBProgressHUD+LJ.m */ = {isa = PBXFileReference; fileEncoding = 4; lastKnownFileType = sourcecode.c.objc; path = "MBProgressHUD+LJ.m"; sourceTree = "<group>"; };
		6CF31CB81CC77A3E00084C14 /* MBProgressHUD.bundle */ = {isa = PBXFileReference; lastKnownFileType = "wrapper.plug-in"; path = MBProgressHUD.bundle; sourceTree = "<group>"; };
		6CF31CB91CC77A3E00084C14 /* MBProgressHUD.h */ = {isa = PBXFileReference; fileEncoding = 4; lastKnownFileType = sourcecode.c.h; path = MBProgressHUD.h; sourceTree = "<group>"; };
		6CF31CBA1CC77A3E00084C14 /* MBProgressHUD.m */ = {isa = PBXFileReference; fileEncoding = 4; lastKnownFileType = sourcecode.c.objc; path = MBProgressHUD.m; sourceTree = "<group>"; };
		6CF31CBB1CC77A3E00084C14 /* pika2.gif */ = {isa = PBXFileReference; lastKnownFileType = image.gif; path = pika2.gif; sourceTree = "<group>"; };
		6CF31CBC1CC77A3E00084C14 /* pika3.gif */ = {isa = PBXFileReference; lastKnownFileType = image.gif; path = pika3.gif; sourceTree = "<group>"; };
		6CF31CBD1CC77A3E00084C14 /* UIImage+GIF.h */ = {isa = PBXFileReference; fileEncoding = 4; lastKnownFileType = sourcecode.c.h; path = "UIImage+GIF.h"; sourceTree = "<group>"; };
		6CF31CBE1CC77A3E00084C14 /* UIImage+GIF.m */ = {isa = PBXFileReference; fileEncoding = 4; lastKnownFileType = sourcecode.c.objc; path = "UIImage+GIF.m"; sourceTree = "<group>"; };
		6CF551F11CFEDC9C00DC3330 /* ClassTableViewCell.h */ = {isa = PBXFileReference; fileEncoding = 4; lastKnownFileType = sourcecode.c.h; path = ClassTableViewCell.h; sourceTree = "<group>"; };
		6CF551F21CFEDC9C00DC3330 /* ClassTableViewCell.m */ = {isa = PBXFileReference; fileEncoding = 4; lastKnownFileType = sourcecode.c.objc; path = ClassTableViewCell.m; sourceTree = "<group>"; };
		6CF551F31CFEDC9C00DC3330 /* ClassTableViewCell.xib */ = {isa = PBXFileReference; fileEncoding = 4; lastKnownFileType = file.xib; path = ClassTableViewCell.xib; sourceTree = "<group>"; };
		6CF551F61CFEDFF000DC3330 /* ClassMateEngine.h */ = {isa = PBXFileReference; fileEncoding = 4; lastKnownFileType = sourcecode.c.h; path = ClassMateEngine.h; sourceTree = "<group>"; };
		6CF551F71CFEDFF000DC3330 /* ClassMateEngine.m */ = {isa = PBXFileReference; fileEncoding = 4; lastKnownFileType = sourcecode.c.objc; path = ClassMateEngine.m; sourceTree = "<group>"; };
		6CF66D161D0D4C1D002CEA08 /* HistroyViewController.h */ = {isa = PBXFileReference; fileEncoding = 4; lastKnownFileType = sourcecode.c.h; path = HistroyViewController.h; sourceTree = "<group>"; };
		6CF66D171D0D4C1D002CEA08 /* HistroyViewController.m */ = {isa = PBXFileReference; fileEncoding = 4; lastKnownFileType = sourcecode.c.objc; path = HistroyViewController.m; sourceTree = "<group>"; };
		6CF79B841CBCB8670081CD50 /* AppraisalSystem.app */ = {isa = PBXFileReference; explicitFileType = wrapper.application; includeInIndex = 0; path = AppraisalSystem.app; sourceTree = BUILT_PRODUCTS_DIR; };
		6CF79B881CBCB8670081CD50 /* main.m */ = {isa = PBXFileReference; lastKnownFileType = sourcecode.c.objc; path = main.m; sourceTree = "<group>"; };
		6CF79B8A1CBCB8670081CD50 /* AppDelegate.h */ = {isa = PBXFileReference; lastKnownFileType = sourcecode.c.h; path = AppDelegate.h; sourceTree = "<group>"; };
		6CF79B8B1CBCB8670081CD50 /* AppDelegate.m */ = {isa = PBXFileReference; lastKnownFileType = sourcecode.c.objc; path = AppDelegate.m; sourceTree = "<group>"; };
		6CF79B8D1CBCB8670081CD50 /* ViewController.h */ = {isa = PBXFileReference; lastKnownFileType = sourcecode.c.h; path = ViewController.h; sourceTree = "<group>"; };
		6CF79B8E1CBCB8670081CD50 /* ViewController.m */ = {isa = PBXFileReference; lastKnownFileType = sourcecode.c.objc; path = ViewController.m; sourceTree = "<group>"; };
		6CF79B911CBCB8670081CD50 /* Base */ = {isa = PBXFileReference; lastKnownFileType = file.storyboard; name = Base; path = Base.lproj/Main.storyboard; sourceTree = "<group>"; };
		6CF79B931CBCB8670081CD50 /* Assets.xcassets */ = {isa = PBXFileReference; lastKnownFileType = folder.assetcatalog; path = Assets.xcassets; sourceTree = "<group>"; };
		6CF79B961CBCB8670081CD50 /* Base */ = {isa = PBXFileReference; lastKnownFileType = file.storyboard; name = Base; path = Base.lproj/LaunchScreen.storyboard; sourceTree = "<group>"; };
		6CF79B981CBCB8670081CD50 /* Info.plist */ = {isa = PBXFileReference; lastKnownFileType = text.plist.xml; path = Info.plist; sourceTree = "<group>"; };
		6CF79B9D1CBCB8670081CD50 /* AppraisalSystemTests.xctest */ = {isa = PBXFileReference; explicitFileType = wrapper.cfbundle; includeInIndex = 0; path = AppraisalSystemTests.xctest; sourceTree = BUILT_PRODUCTS_DIR; };
		6CF79BA11CBCB8670081CD50 /* AppraisalSystemTests.m */ = {isa = PBXFileReference; lastKnownFileType = sourcecode.c.objc; path = AppraisalSystemTests.m; sourceTree = "<group>"; };
		6CF79BA31CBCB8670081CD50 /* Info.plist */ = {isa = PBXFileReference; lastKnownFileType = text.plist.xml; path = Info.plist; sourceTree = "<group>"; };
		6CF79BA81CBCB8670081CD50 /* AppraisalSystemUITests.xctest */ = {isa = PBXFileReference; explicitFileType = wrapper.cfbundle; includeInIndex = 0; path = AppraisalSystemUITests.xctest; sourceTree = BUILT_PRODUCTS_DIR; };
		6CF79BAC1CBCB8670081CD50 /* AppraisalSystemUITests.m */ = {isa = PBXFileReference; lastKnownFileType = sourcecode.c.objc; path = AppraisalSystemUITests.m; sourceTree = "<group>"; };
		6CF79BAE1CBCB8670081CD50 /* Info.plist */ = {isa = PBXFileReference; lastKnownFileType = text.plist.xml; path = Info.plist; sourceTree = "<group>"; };
		6CF79BBA1CBCBBCC0081CD50 /* Podfile */ = {isa = PBXFileReference; fileEncoding = 4; lastKnownFileType = text; path = Podfile; sourceTree = "<group>"; xcLanguageSpecificationIdentifier = xcode.lang.ruby; };
		6CF79BBC1CBCCAD10081CD50 /* LoginInterface.png */ = {isa = PBXFileReference; lastKnownFileType = image.png; path = LoginInterface.png; sourceTree = "<group>"; };
		6CF79BBE1CBCD2CE0081CD50 /* eye_open.png */ = {isa = PBXFileReference; lastKnownFileType = image.png; path = eye_open.png; sourceTree = "<group>"; };
		6CF79BBF1CBCD2CE0081CD50 /* eye_closed.png */ = {isa = PBXFileReference; lastKnownFileType = image.png; path = eye_closed.png; sourceTree = "<group>"; };
		6CF79BC61CBCD84D0081CD50 /* RegisterBtn.PNG */ = {isa = PBXFileReference; lastKnownFileType = image.png; path = RegisterBtn.PNG; sourceTree = "<group>"; };
		6CF79BC71CBCD84D0081CD50 /* LoginBtn.PNG */ = {isa = PBXFileReference; lastKnownFileType = image.png; path = LoginBtn.PNG; sourceTree = "<group>"; };
		6CF79BCA1CBCE0EA0081CD50 /* RegisterViewController.h */ = {isa = PBXFileReference; fileEncoding = 4; lastKnownFileType = sourcecode.c.h; path = RegisterViewController.h; sourceTree = "<group>"; };
		6CF79BCB1CBCE0EA0081CD50 /* RegisterViewController.m */ = {isa = PBXFileReference; fileEncoding = 4; lastKnownFileType = sourcecode.c.objc; path = RegisterViewController.m; sourceTree = "<group>"; };
		6CF79BCC1CBCE0EA0081CD50 /* RegisterViewController.xib */ = {isa = PBXFileReference; fileEncoding = 4; lastKnownFileType = file.xib; path = RegisterViewController.xib; sourceTree = "<group>"; };
		6CF79BCF1CBCEAF30081CD50 /* RegisterInterface.png */ = {isa = PBXFileReference; lastKnownFileType = image.png; path = RegisterInterface.png; sourceTree = "<group>"; };
		6CF79BD11CBCED1C0081CD50 /* ReturnBtn.PNG */ = {isa = PBXFileReference; lastKnownFileType = image.png; path = ReturnBtn.PNG; sourceTree = "<group>"; };
		6CF9ED681D0F3C7D00BE9F19 /* AddSdtViewController.h */ = {isa = PBXFileReference; fileEncoding = 4; lastKnownFileType = sourcecode.c.h; path = AddSdtViewController.h; sourceTree = "<group>"; };
		6CF9ED691D0F3C7D00BE9F19 /* AddSdtViewController.m */ = {isa = PBXFileReference; fileEncoding = 4; lastKnownFileType = sourcecode.c.objc; path = AddSdtViewController.m; sourceTree = "<group>"; };
		6CF9ED6A1D0F3C7D00BE9F19 /* AddSdtViewController.xib */ = {isa = PBXFileReference; fileEncoding = 4; lastKnownFileType = file.xib; path = AddSdtViewController.xib; sourceTree = "<group>"; };
		6CFAF6A51CBE6DC600889424 /* LTPickerView.h */ = {isa = PBXFileReference; fileEncoding = 4; lastKnownFileType = sourcecode.c.h; path = LTPickerView.h; sourceTree = "<group>"; };
		6CFAF6A61CBE6DC600889424 /* LTPickerView.m */ = {isa = PBXFileReference; fileEncoding = 4; lastKnownFileType = sourcecode.c.objc; path = LTPickerView.m; sourceTree = "<group>"; };
		6CFAF6A71CBE6DC600889424 /* LTPickerView.xib */ = {isa = PBXFileReference; fileEncoding = 4; lastKnownFileType = file.xib; path = LTPickerView.xib; sourceTree = "<group>"; };
		6CFAF6AD1CBE90F600889424 /* blueWhite.png */ = {isa = PBXFileReference; lastKnownFileType = image.png; path = blueWhite.png; sourceTree = "<group>"; };
		6CFAF6AF1CBE92D400889424 /* Icon.png */ = {isa = PBXFileReference; lastKnownFileType = image.png; path = Icon.png; sourceTree = "<group>"; };
		6CFAF6B21CBEA52300889424 /* classIcon.png */ = {isa = PBXFileReference; lastKnownFileType = image.png; path = classIcon.png; sourceTree = "<group>"; };
		6CFAF6B31CBEA52300889424 /* colleagueIcon.png */ = {isa = PBXFileReference; lastKnownFileType = image.png; path = colleagueIcon.png; sourceTree = "<group>"; };
		6CFAF6B41CBEA52300889424 /* infermationIcon.png */ = {isa = PBXFileReference; lastKnownFileType = image.png; path = infermationIcon.png; sourceTree = "<group>"; };
		6CFAF6B81CBEAA8D00889424 /* classIcon2.png */ = {isa = PBXFileReference; lastKnownFileType = image.png; path = classIcon2.png; sourceTree = "<group>"; };
		6CFAF6B91CBEAA8D00889424 /* colleagueIcon2.png */ = {isa = PBXFileReference; lastKnownFileType = image.png; path = colleagueIcon2.png; sourceTree = "<group>"; };
		6CFAF6BA1CBEAA8D00889424 /* infermationIcon2.png */ = {isa = PBXFileReference; lastKnownFileType = image.png; path = infermationIcon2.png; sourceTree = "<group>"; };
		6CFAF6BF1CBEAB7700889424 /* TabViewController.h */ = {isa = PBXFileReference; fileEncoding = 4; lastKnownFileType = sourcecode.c.h; path = TabViewController.h; sourceTree = "<group>"; };
		6CFAF6C01CBEAB7700889424 /* TabViewController.m */ = {isa = PBXFileReference; fileEncoding = 4; lastKnownFileType = sourcecode.c.objc; path = TabViewController.m; sourceTree = "<group>"; };
		6CFAF6CE1CBEAE0C00889424 /* ColleagueViewController.h */ = {isa = PBXFileReference; fileEncoding = 4; lastKnownFileType = sourcecode.c.h; path = ColleagueViewController.h; sourceTree = "<group>"; };
		6CFAF6CF1CBEAE0C00889424 /* ColleagueViewController.m */ = {isa = PBXFileReference; fileEncoding = 4; lastKnownFileType = sourcecode.c.objc; path = ColleagueViewController.m; sourceTree = "<group>"; };
		6CFAF6D11CBEAE2800889424 /* ClassMatesViewController.h */ = {isa = PBXFileReference; fileEncoding = 4; lastKnownFileType = sourcecode.c.h; path = ClassMatesViewController.h; sourceTree = "<group>"; };
		6CFAF6D21CBEAE2800889424 /* ClassMatesViewController.m */ = {isa = PBXFileReference; fileEncoding = 4; lastKnownFileType = sourcecode.c.objc; path = ClassMatesViewController.m; sourceTree = "<group>"; };
		6CFAF6D41CBEAE3900889424 /* MineViewController.h */ = {isa = PBXFileReference; fileEncoding = 4; lastKnownFileType = sourcecode.c.h; path = MineViewController.h; sourceTree = "<group>"; };
		6CFAF6D51CBEAE3900889424 /* MineViewController.m */ = {isa = PBXFileReference; fileEncoding = 4; lastKnownFileType = sourcecode.c.objc; path = MineViewController.m; sourceTree = "<group>"; };
		6CFBC57D1CECE34900C0E1DD /* banner1.png */ = {isa = PBXFileReference; lastKnownFileType = image.png; path = banner1.png; sourceTree = "<group>"; };
		6CFBC57E1CECE34900C0E1DD /* banner2.png */ = {isa = PBXFileReference; lastKnownFileType = image.png; path = banner2.png; sourceTree = "<group>"; };
		6CFBC57F1CECE34900C0E1DD /* banner3.png */ = {isa = PBXFileReference; lastKnownFileType = image.png; path = banner3.png; sourceTree = "<group>"; };
		6CFEFA1F1CCCC3F70010B4C3 /* TeachInforViewController.h */ = {isa = PBXFileReference; fileEncoding = 4; lastKnownFileType = sourcecode.c.h; path = TeachInforViewController.h; sourceTree = "<group>"; };
		6CFEFA201CCCC3F70010B4C3 /* TeachInforViewController.m */ = {isa = PBXFileReference; fileEncoding = 4; lastKnownFileType = sourcecode.c.objc; path = TeachInforViewController.m; sourceTree = "<group>"; };
		6CFEFA211CCCC3F70010B4C3 /* TeachInforViewController.xib */ = {isa = PBXFileReference; fileEncoding = 4; lastKnownFileType = file.xib; path = TeachInforViewController.xib; sourceTree = "<group>"; };
		6CFEFA251CCD14870010B4C3 /* XWInteractiveTransition.h */ = {isa = PBXFileReference; fileEncoding = 4; lastKnownFileType = sourcecode.c.h; path = XWInteractiveTransition.h; sourceTree = "<group>"; };
		6CFEFA261CCD14870010B4C3 /* XWInteractiveTransition.m */ = {isa = PBXFileReference; fileEncoding = 4; lastKnownFileType = sourcecode.c.objc; path = XWInteractiveTransition.m; sourceTree = "<group>"; };
		6CFEFA271CCD14870010B4C3 /* XWPresentOneTransition.h */ = {isa = PBXFileReference; fileEncoding = 4; lastKnownFileType = sourcecode.c.h; path = XWPresentOneTransition.h; sourceTree = "<group>"; };
		6CFEFA281CCD14870010B4C3 /* XWPresentOneTransition.m */ = {isa = PBXFileReference; fileEncoding = 4; lastKnownFileType = sourcecode.c.objc; path = XWPresentOneTransition.m; sourceTree = "<group>"; };
		6CFEFA2B1CCD26670010B4C3 /* UIView+ FrameChange.m */ = {isa = PBXFileReference; fileEncoding = 4; lastKnownFileType = sourcecode.c.objc; path = "UIView+ FrameChange.m"; sourceTree = "<group>"; };
		6CFEFA2C1CCD26670010B4C3 /* UIView+anchorPoint.h */ = {isa = PBXFileReference; fileEncoding = 4; lastKnownFileType = sourcecode.c.h; path = "UIView+anchorPoint.h"; sourceTree = "<group>"; };
		6CFEFA2D1CCD26670010B4C3 /* UIView+anchorPoint.m */ = {isa = PBXFileReference; fileEncoding = 4; lastKnownFileType = sourcecode.c.objc; path = "UIView+anchorPoint.m"; sourceTree = "<group>"; };
		6CFEFA2E1CCD26670010B4C3 /* UIView+FrameChange.h */ = {isa = PBXFileReference; fileEncoding = 4; lastKnownFileType = sourcecode.c.h; path = "UIView+FrameChange.h"; sourceTree = "<group>"; };
		6CFF5CBB1CC6778C00406052 /* menuIcon.png */ = {isa = PBXFileReference; lastKnownFileType = image.png; path = menuIcon.png; sourceTree = "<group>"; };
		6CFF5CBE1CC67DE200406052 /* LLAnimationManager.h */ = {isa = PBXFileReference; fileEncoding = 4; lastKnownFileType = sourcecode.c.h; path = LLAnimationManager.h; sourceTree = "<group>"; };
		6CFF5CBF1CC67DE200406052 /* LLAnimationManager.m */ = {isa = PBXFileReference; fileEncoding = 4; lastKnownFileType = sourcecode.c.objc; path = LLAnimationManager.m; sourceTree = "<group>"; };
		6CFF5CC01CC67DE200406052 /* LLCircleLayer.h */ = {isa = PBXFileReference; fileEncoding = 4; lastKnownFileType = sourcecode.c.h; path = LLCircleLayer.h; sourceTree = "<group>"; };
		6CFF5CC11CC67DE200406052 /* LLCircleLayer.m */ = {isa = PBXFileReference; fileEncoding = 4; lastKnownFileType = sourcecode.c.objc; path = LLCircleLayer.m; sourceTree = "<group>"; };
		6CFF5CC21CC67DE200406052 /* LLDisplayLayer.h */ = {isa = PBXFileReference; fileEncoding = 4; lastKnownFileType = sourcecode.c.h; path = LLDisplayLayer.h; sourceTree = "<group>"; };
		6CFF5CC31CC67DE200406052 /* LLDisplayLayer.m */ = {isa = PBXFileReference; fileEncoding = 4; lastKnownFileType = sourcecode.c.objc; path = LLDisplayLayer.m; sourceTree = "<group>"; };
		6CFF5CC41CC67DE200406052 /* LLSlideMenu.h */ = {isa = PBXFileReference; fileEncoding = 4; lastKnownFileType = sourcecode.c.h; path = LLSlideMenu.h; sourceTree = "<group>"; };
		6CFF5CC51CC67DE200406052 /* LLSlideMenu.m */ = {isa = PBXFileReference; fileEncoding = 4; lastKnownFileType = sourcecode.c.objc; path = LLSlideMenu.m; sourceTree = "<group>"; };
		6CFF5CC61CC67DE200406052 /* UIView+SetRect.h */ = {isa = PBXFileReference; fileEncoding = 4; lastKnownFileType = sourcecode.c.h; path = "UIView+SetRect.h"; sourceTree = "<group>"; };
		6CFF5CC71CC67DE200406052 /* UIView+SetRect.m */ = {isa = PBXFileReference; fileEncoding = 4; lastKnownFileType = sourcecode.c.objc; path = "UIView+SetRect.m"; sourceTree = "<group>"; };
		6CFF5CCD1CC6801C00406052 /* doge.jpg */ = {isa = PBXFileReference; lastKnownFileType = image.jpeg; path = doge.jpg; sourceTree = "<group>"; };
		6CFF5CCF1CC6954800406052 /* menuBg.png */ = {isa = PBXFileReference; lastKnownFileType = image.png; path = menuBg.png; sourceTree = "<group>"; };
		EBEFF0D2E4FA828BC6A17D7D /* Pods.debug.xcconfig */ = {isa = PBXFileReference; includeInIndex = 1; lastKnownFileType = text.xcconfig; name = Pods.debug.xcconfig; path = "Pods/Target Support Files/Pods/Pods.debug.xcconfig"; sourceTree = "<group>"; };
/* End PBXFileReference section */

/* Begin PBXFrameworksBuildPhase section */
		6CF79B811CBCB8670081CD50 /* Frameworks */ = {
			isa = PBXFrameworksBuildPhase;
			buildActionMask = 2147483647;
			files = (
				AF914184F0BCB3C8BC336185 /* libPods.a in Frameworks */,
			);
			runOnlyForDeploymentPostprocessing = 0;
		};
		6CF79B9A1CBCB8670081CD50 /* Frameworks */ = {
			isa = PBXFrameworksBuildPhase;
			buildActionMask = 2147483647;
			files = (
			);
			runOnlyForDeploymentPostprocessing = 0;
		};
		6CF79BA51CBCB8670081CD50 /* Frameworks */ = {
			isa = PBXFrameworksBuildPhase;
			buildActionMask = 2147483647;
			files = (
			);
			runOnlyForDeploymentPostprocessing = 0;
		};
/* End PBXFrameworksBuildPhase section */

/* Begin PBXGroup section */
		13FDF994EB411C5F00E957CD /* Pods */ = {
			isa = PBXGroup;
			children = (
				EBEFF0D2E4FA828BC6A17D7D /* Pods.debug.xcconfig */,
				05F4FF5B82CBF08955A98B7D /* Pods.release.xcconfig */,
			);
			name = Pods;
			sourceTree = "<group>";
		};
		6CC442F020AD6AF800B9CDFE /* DCPicscrollView */ = {
			isa = PBXGroup;
			children = (
				6CC442F120AD6AF800B9CDFE /* DCPicScrollView.h */,
				6CC442F220AD6AF800B9CDFE /* DCPicScrollView.m */,
				6CC442F320AD6AF800B9CDFE /* DCWebImageManager.h */,
				6CC442F420AD6AF800B9CDFE /* DCWebImageManager.m */,
			);
			path = DCPicscrollView;
			sourceTree = "<group>";
		};
		6CC442F720AD6B0500B9CDFE /* LTAlertView */ = {
			isa = PBXGroup;
			children = (
				6CC442F820AD6B0500B9CDFE /* LTAlertView.h */,
				6CC442F920AD6B0500B9CDFE /* LTAlertView.m */,
			);
			path = LTAlertView;
			sourceTree = "<group>";
		};
		6CF31C961CC7610200084C14 /* PopMenuView */ = {
			isa = PBXGroup;
			children = (
				6CF31C971CC7610200084C14 /* WBPopMenuModel.h */,
				6CF31C981CC7610200084C14 /* WBPopMenuModel.m */,
				6CF31C991CC7610200084C14 /* WBPopMenuSingleton.h */,
				6CF31C9A1CC7610200084C14 /* WBPopMenuSingleton.m */,
				6CF31C9B1CC7610200084C14 /* WBPopMenuView.h */,
				6CF31C9C1CC7610200084C14 /* WBPopMenuView.m */,
				6CF31C9D1CC7610200084C14 /* WBTableViewCell.h */,
				6CF31C9E1CC7610200084C14 /* WBTableViewCell.m */,
				6CF31C9F1CC7610200084C14 /* WBTableViewDataSource.h */,
				6CF31CA01CC7610200084C14 /* WBTableViewDataSource.m */,
				6CF31CA11CC7610200084C14 /* WBTableViewDelegate.h */,
				6CF31CA21CC7610200084C14 /* WBTableViewDelegate.m */,
			);
			path = PopMenuView;
			sourceTree = "<group>";
		};
		6CF31CA91CC761B900084C14 /* menuIcon */ = {
			isa = PBXGroup;
			children = (
				6CF31CAA1CC761B900084C14 /* addHang.png */,
				6CF31CAB1CC761B900084C14 /* addLie.png */,
				6CF31CAC1CC761B900084C14 /* addOne.png */,
			);
			path = menuIcon;
			sourceTree = "<group>";
		};
		6CF31CB21CC77A3E00084C14 /* ProgressHUD */ = {
			isa = PBXGroup;
			children = (
				6CF31CB31CC77A3E00084C14 /* GiFHUD.h */,
				6CF31CB41CC77A3E00084C14 /* GiFHUD.m */,
				6CF31CB51CC77A3E00084C14 /* MBProgressHUD */,
				6CF31CBB1CC77A3E00084C14 /* pika2.gif */,
				6CF31CBC1CC77A3E00084C14 /* pika3.gif */,
				6CF31CBD1CC77A3E00084C14 /* UIImage+GIF.h */,
				6CF31CBE1CC77A3E00084C14 /* UIImage+GIF.m */,
			);
			path = ProgressHUD;
			sourceTree = "<group>";
		};
		6CF31CB51CC77A3E00084C14 /* MBProgressHUD */ = {
			isa = PBXGroup;
			children = (
				6CF31CB61CC77A3E00084C14 /* MBProgressHUD+LJ.h */,
				6CF31CB71CC77A3E00084C14 /* MBProgressHUD+LJ.m */,
				6CF31CB81CC77A3E00084C14 /* MBProgressHUD.bundle */,
				6CF31CB91CC77A3E00084C14 /* MBProgressHUD.h */,
				6CF31CBA1CC77A3E00084C14 /* MBProgressHUD.m */,
			);
			path = MBProgressHUD;
			sourceTree = "<group>";
		};
		6CF79B7B1CBCB8670081CD50 = {
			isa = PBXGroup;
			children = (
				6CF79BBA1CBCBBCC0081CD50 /* Podfile */,
				6CF79B861CBCB8670081CD50 /* AppraisalSystem */,
				6CF79BA01CBCB8670081CD50 /* AppraisalSystemTests */,
				6CF79BAB1CBCB8670081CD50 /* AppraisalSystemUITests */,
				6CF79B851CBCB8670081CD50 /* Products */,
				13FDF994EB411C5F00E957CD /* Pods */,
				E44AD0EFBC1749E871453178 /* Frameworks */,
			);
			sourceTree = "<group>";
		};
		6CF79B851CBCB8670081CD50 /* Products */ = {
			isa = PBXGroup;
			children = (
				6CF79B841CBCB8670081CD50 /* AppraisalSystem.app */,
				6CF79B9D1CBCB8670081CD50 /* AppraisalSystemTests.xctest */,
				6CF79BA81CBCB8670081CD50 /* AppraisalSystemUITests.xctest */,
			);
			name = Products;
			sourceTree = "<group>";
		};
		6CF79B861CBCB8670081CD50 /* AppraisalSystem */ = {
			isa = PBXGroup;
			children = (
				6CFAF6AA1CBE6DD700889424 /* Other Part */,
				6CFAF6BE1CBEAACF00889424 /* Main Page */,
				6CFAF6C21CBEAD6A00889424 /* Colleague */,
				6CFAF6C61CBEAD7B00889424 /* ClassMates */,
				6CFAF6CA1CBEAD8C00889424 /* Mine */,
				6CF79B931CBCB8670081CD50 /* Assets.xcassets */,
				6CF79B951CBCB8670081CD50 /* LaunchScreen.storyboard */,
				6CF79B981CBCB8670081CD50 /* Info.plist */,
				6CF79B871CBCB8670081CD50 /* Supporting Files */,
			);
			path = AppraisalSystem;
			sourceTree = "<group>";
		};
		6CF79B871CBCB8670081CD50 /* Supporting Files */ = {
			isa = PBXGroup;
			children = (
				6CF31CA91CC761B900084C14 /* menuIcon */,
				6CFAF6B11CBEA52300889424 /* tabIcon */,
				6CFAF6AF1CBE92D400889424 /* Icon.png */,
				6CFBC57D1CECE34900C0E1DD /* banner1.png */,
				6CFBC57E1CECE34900C0E1DD /* banner2.png */,
				6CFBC57F1CECE34900C0E1DD /* banner3.png */,
				6CF31CB01CC7630E00084C14 /* addIcon.png */,
				6CF1FD7A1D0BE87E00FB1C9A /* desk.png */,
				6CFF5CCD1CC6801C00406052 /* doge.jpg */,
				6CFAF6AD1CBE90F600889424 /* blueWhite.png */,
				6CF79BD11CBCED1C0081CD50 /* ReturnBtn.PNG */,
				6CFF5CCF1CC6954800406052 /* menuBg.png */,
				6CF79BCF1CBCEAF30081CD50 /* RegisterInterface.png */,
				6CF79BC61CBCD84D0081CD50 /* RegisterBtn.PNG */,
				6CF79BC71CBCD84D0081CD50 /* LoginBtn.PNG */,
				6CF79BBE1CBCD2CE0081CD50 /* eye_open.png */,
				6CF79BBF1CBCD2CE0081CD50 /* eye_closed.png */,
				6CF79BBC1CBCCAD10081CD50 /* LoginInterface.png */,
				6CF79B881CBCB8670081CD50 /* main.m */,
			);
			name = "Supporting Files";
			sourceTree = "<group>";
		};
		6CF79BA01CBCB8670081CD50 /* AppraisalSystemTests */ = {
			isa = PBXGroup;
			children = (
				6CF79BA11CBCB8670081CD50 /* AppraisalSystemTests.m */,
				6CF79BA31CBCB8670081CD50 /* Info.plist */,
			);
			path = AppraisalSystemTests;
			sourceTree = "<group>";
		};
		6CF79BAB1CBCB8670081CD50 /* AppraisalSystemUITests */ = {
			isa = PBXGroup;
			children = (
				6CF79BAC1CBCB8670081CD50 /* AppraisalSystemUITests.m */,
				6CF79BAE1CBCB8670081CD50 /* Info.plist */,
			);
			path = AppraisalSystemUITests;
			sourceTree = "<group>";
		};
		6CFAF6A41CBE6DC600889424 /* LTPickerView */ = {
			isa = PBXGroup;
			children = (
				6CFAF6A51CBE6DC600889424 /* LTPickerView.h */,
				6CFAF6A61CBE6DC600889424 /* LTPickerView.m */,
				6CFAF6A71CBE6DC600889424 /* LTPickerView.xib */,
			);
			path = LTPickerView;
			sourceTree = "<group>";
		};
		6CFAF6AA1CBE6DD700889424 /* Other Part */ = {
			isa = PBXGroup;
			children = (
				6CC442F720AD6B0500B9CDFE /* LTAlertView */,
				6CC442F020AD6AF800B9CDFE /* DCPicscrollView */,
				6CFEFA241CCD14870010B4C3 /* XWPresent */,
				6CF31CB21CC77A3E00084C14 /* ProgressHUD */,
				6CF31C961CC7610200084C14 /* PopMenuView */,
				6CFF5CBD1CC67DE200406052 /* LLSlideMenu */,
				6CFAF6A41CBE6DC600889424 /* LTPickerView */,
			);
			name = "Other Part";
			sourceTree = "<group>";
		};
		6CFAF6B11CBEA52300889424 /* tabIcon */ = {
			isa = PBXGroup;
			children = (
				6CFAF6B81CBEAA8D00889424 /* classIcon2.png */,
				6CFAF6B91CBEAA8D00889424 /* colleagueIcon2.png */,
				6CFAF6BA1CBEAA8D00889424 /* infermationIcon2.png */,
				6CFAF6B21CBEA52300889424 /* classIcon.png */,
				6CFAF6B31CBEA52300889424 /* colleagueIcon.png */,
				6CFAF6B41CBEA52300889424 /* infermationIcon.png */,
				6CFF5CBB1CC6778C00406052 /* menuIcon.png */,
			);
			path = tabIcon;
			sourceTree = "<group>";
		};
		6CFAF6BE1CBEAACF00889424 /* Main Page */ = {
			isa = PBXGroup;
			children = (
				6CF79B8A1CBCB8670081CD50 /* AppDelegate.h */,
				6CF79B8B1CBCB8670081CD50 /* AppDelegate.m */,
				6CF79B8D1CBCB8670081CD50 /* ViewController.h */,
				6CF79B8E1CBCB8670081CD50 /* ViewController.m */,
				6CF79B901CBCB8670081CD50 /* Main.storyboard */,
				6CF79BCA1CBCE0EA0081CD50 /* RegisterViewController.h */,
				6CF79BCB1CBCE0EA0081CD50 /* RegisterViewController.m */,
				6CF79BCC1CBCE0EA0081CD50 /* RegisterViewController.xib */,
				6CFAF6BF1CBEAB7700889424 /* TabViewController.h */,
				6CFAF6C01CBEAB7700889424 /* TabViewController.m */,
			);
			name = "Main Page";
			sourceTree = "<group>";
		};
		6CFAF6C21CBEAD6A00889424 /* Colleague */ = {
			isa = PBXGroup;
			children = (
				6CFAF6C31CBEAD6A00889424 /* ColleagueController */,
				6CFAF6C41CBEAD6A00889424 /* ColleagueModel */,
				6CFAF6C51CBEAD6A00889424 /* ColleagueView */,
			);
			path = Colleague;
			sourceTree = "<group>";
		};
		6CFAF6C31CBEAD6A00889424 /* ColleagueController */ = {
			isa = PBXGroup;
			children = (
				6CFAF6CE1CBEAE0C00889424 /* ColleagueViewController.h */,
				6CFAF6CF1CBEAE0C00889424 /* ColleagueViewController.m */,
				6C01FF1F1CE1C7C0001E648C /* MineInforViewController.h */,
				6C01FF201CE1C7C0001E648C /* MineInforViewController.m */,
				6C01FF211CE1C7C0001E648C /* MineInforViewController.xib */,
				6CFEFA1F1CCCC3F70010B4C3 /* TeachInforViewController.h */,
				6CFEFA201CCCC3F70010B4C3 /* TeachInforViewController.m */,
				6CFEFA211CCCC3F70010B4C3 /* TeachInforViewController.xib */,
			);
			path = ColleagueController;
			sourceTree = "<group>";
		};
		6CFAF6C41CBEAD6A00889424 /* ColleagueModel */ = {
			isa = PBXGroup;
			children = (
			);
			path = ColleagueModel;
			sourceTree = "<group>";
		};
		6CFAF6C51CBEAD6A00889424 /* ColleagueView */ = {
			isa = PBXGroup;
			children = (
			);
			path = ColleagueView;
			sourceTree = "<group>";
		};
		6CFAF6C61CBEAD7B00889424 /* ClassMates */ = {
			isa = PBXGroup;
			children = (
				6CFAF6C71CBEAD7B00889424 /* ClassMatesController */,
				6CFAF6C81CBEAD7B00889424 /* ClassMatesModel */,
				6CFAF6C91CBEAD7B00889424 /* ClassMatesView */,
			);
			path = ClassMates;
			sourceTree = "<group>";
		};
		6CFAF6C71CBEAD7B00889424 /* ClassMatesController */ = {
			isa = PBXGroup;
			children = (
				6CFAF6D11CBEAE2800889424 /* ClassMatesViewController.h */,
				6CFAF6D21CBEAE2800889424 /* ClassMatesViewController.m */,
				6C05CBAA1D08192300F71A98 /* ClassPersonViewController.h */,
				6C05CBAB1D08192300F71A98 /* ClassPersonViewController.m */,
				6CF9ED681D0F3C7D00BE9F19 /* AddSdtViewController.h */,
				6CF9ED691D0F3C7D00BE9F19 /* AddSdtViewController.m */,
				6CF9ED6A1D0F3C7D00BE9F19 /* AddSdtViewController.xib */,
				6CF0D5191D0C396300DA6D59 /* ClassSubjectViewController.h */,
				6CF0D51A1D0C396300DA6D59 /* ClassSubjectViewController.m */,
				6CF0D51C1D0C4F3700DA6D59 /* SubjectInfViewController.h */,
				6CF0D51D1D0C4F3800DA6D59 /* SubjectInfViewController.m */,
				6CF66D161D0D4C1D002CEA08 /* HistroyViewController.h */,
				6CF66D171D0D4C1D002CEA08 /* HistroyViewController.m */,
				6C6358F41D0E515D00FB4603 /* TeacherRemarkViewController.h */,
				6C6358F51D0E515D00FB4603 /* TeacherRemarkViewController.m */,
				6C6358F61D0E515D00FB4603 /* TeacherRemarkViewController.xib */,
			);
			path = ClassMatesController;
			sourceTree = "<group>";
		};
		6CFAF6C81CBEAD7B00889424 /* ClassMatesModel */ = {
			isa = PBXGroup;
			children = (
				6CF551F61CFEDFF000DC3330 /* ClassMateEngine.h */,
				6CF551F71CFEDFF000DC3330 /* ClassMateEngine.m */,
			);
			path = ClassMatesModel;
			sourceTree = "<group>";
		};
		6CFAF6C91CBEAD7B00889424 /* ClassMatesView */ = {
			isa = PBXGroup;
			children = (
				6CF551F11CFEDC9C00DC3330 /* ClassTableViewCell.h */,
				6CF551F21CFEDC9C00DC3330 /* ClassTableViewCell.m */,
				6CF551F31CFEDC9C00DC3330 /* ClassTableViewCell.xib */,
				6CF0D51F1D0C77CC00DA6D59 /* SubjectInfTableViewCell.h */,
				6CF0D5201D0C77CC00DA6D59 /* SubjectInfTableViewCell.m */,
				6CF0D5211D0C77CC00DA6D59 /* SubjectInfTableViewCell.xib */,
			);
			path = ClassMatesView;
			sourceTree = "<group>";
		};
		6CFAF6CA1CBEAD8C00889424 /* Mine */ = {
			isa = PBXGroup;
			children = (
				6CFAF6CB1CBEAD8C00889424 /* MineController */,
				6CFAF6CC1CBEAD8C00889424 /* MineModel */,
				6CFAF6CD1CBEAD8C00889424 /* MineView */,
			);
			path = Mine;
			sourceTree = "<group>";
		};
		6CFAF6CB1CBEAD8C00889424 /* MineController */ = {
			isa = PBXGroup;
			children = (
				6CFAF6D41CBEAE3900889424 /* MineViewController.h */,
				6CFAF6D51CBEAE3900889424 /* MineViewController.m */,
			);
			path = MineController;
			sourceTree = "<group>";
		};
		6CFAF6CC1CBEAD8C00889424 /* MineModel */ = {
			isa = PBXGroup;
			children = (
			);
			path = MineModel;
			sourceTree = "<group>";
		};
		6CFAF6CD1CBEAD8C00889424 /* MineView */ = {
			isa = PBXGroup;
			children = (
			);
			path = MineView;
			sourceTree = "<group>";
		};
		6CFEFA241CCD14870010B4C3 /* XWPresent */ = {
			isa = PBXGroup;
			children = (
				6CFEFA251CCD14870010B4C3 /* XWInteractiveTransition.h */,
				6CFEFA261CCD14870010B4C3 /* XWInteractiveTransition.m */,
				6CFEFA271CCD14870010B4C3 /* XWPresentOneTransition.h */,
				6CFEFA281CCD14870010B4C3 /* XWPresentOneTransition.m */,
				6CFEFA2B1CCD26670010B4C3 /* UIView+ FrameChange.m */,
				6CFEFA2C1CCD26670010B4C3 /* UIView+anchorPoint.h */,
				6CFEFA2D1CCD26670010B4C3 /* UIView+anchorPoint.m */,
				6CFEFA2E1CCD26670010B4C3 /* UIView+FrameChange.h */,
			);
			path = XWPresent;
			sourceTree = "<group>";
		};
		6CFF5CBD1CC67DE200406052 /* LLSlideMenu */ = {
			isa = PBXGroup;
			children = (
				6CFF5CBE1CC67DE200406052 /* LLAnimationManager.h */,
				6CFF5CBF1CC67DE200406052 /* LLAnimationManager.m */,
				6CFF5CC01CC67DE200406052 /* LLCircleLayer.h */,
				6CFF5CC11CC67DE200406052 /* LLCircleLayer.m */,
				6CFF5CC21CC67DE200406052 /* LLDisplayLayer.h */,
				6CFF5CC31CC67DE200406052 /* LLDisplayLayer.m */,
				6CFF5CC41CC67DE200406052 /* LLSlideMenu.h */,
				6CFF5CC51CC67DE200406052 /* LLSlideMenu.m */,
				6CFF5CC61CC67DE200406052 /* UIView+SetRect.h */,
				6CFF5CC71CC67DE200406052 /* UIView+SetRect.m */,
			);
			path = LLSlideMenu;
			sourceTree = "<group>";
		};
		E44AD0EFBC1749E871453178 /* Frameworks */ = {
			isa = PBXGroup;
			children = (
				6A01ADC1DCAAD0795A562DA2 /* libPods.a */,
			);
			name = Frameworks;
			sourceTree = "<group>";
		};
/* End PBXGroup section */

/* Begin PBXNativeTarget section */
		6CF79B831CBCB8670081CD50 /* AppraisalSystem */ = {
			isa = PBXNativeTarget;
			buildConfigurationList = 6CF79BB11CBCB8670081CD50 /* Build configuration list for PBXNativeTarget "AppraisalSystem" */;
			buildPhases = (
				E6C9314C1BB04DDBFCA67467 /* Check Pods Manifest.lock */,
				6CF79B801CBCB8670081CD50 /* Sources */,
				6CF79B811CBCB8670081CD50 /* Frameworks */,
				6CF79B821CBCB8670081CD50 /* Resources */,
				B4CB950999C87F0AF81D3B1E /* Embed Pods Frameworks */,
				4306BAF2210A1BDAB0F099E1 /* Copy Pods Resources */,
			);
			buildRules = (
			);
			dependencies = (
			);
			name = AppraisalSystem;
			productName = AppraisalSystem;
			productReference = 6CF79B841CBCB8670081CD50 /* AppraisalSystem.app */;
			productType = "com.apple.product-type.application";
		};
		6CF79B9C1CBCB8670081CD50 /* AppraisalSystemTests */ = {
			isa = PBXNativeTarget;
			buildConfigurationList = 6CF79BB41CBCB8670081CD50 /* Build configuration list for PBXNativeTarget "AppraisalSystemTests" */;
			buildPhases = (
				6CF79B991CBCB8670081CD50 /* Sources */,
				6CF79B9A1CBCB8670081CD50 /* Frameworks */,
				6CF79B9B1CBCB8670081CD50 /* Resources */,
			);
			buildRules = (
			);
			dependencies = (
				6CF79B9F1CBCB8670081CD50 /* PBXTargetDependency */,
			);
			name = AppraisalSystemTests;
			productName = AppraisalSystemTests;
			productReference = 6CF79B9D1CBCB8670081CD50 /* AppraisalSystemTests.xctest */;
			productType = "com.apple.product-type.bundle.unit-test";
		};
		6CF79BA71CBCB8670081CD50 /* AppraisalSystemUITests */ = {
			isa = PBXNativeTarget;
			buildConfigurationList = 6CF79BB71CBCB8670081CD50 /* Build configuration list for PBXNativeTarget "AppraisalSystemUITests" */;
			buildPhases = (
				6CF79BA41CBCB8670081CD50 /* Sources */,
				6CF79BA51CBCB8670081CD50 /* Frameworks */,
				6CF79BA61CBCB8670081CD50 /* Resources */,
			);
			buildRules = (
			);
			dependencies = (
				6CF79BAA1CBCB8670081CD50 /* PBXTargetDependency */,
			);
			name = AppraisalSystemUITests;
			productName = AppraisalSystemUITests;
			productReference = 6CF79BA81CBCB8670081CD50 /* AppraisalSystemUITests.xctest */;
			productType = "com.apple.product-type.bundle.ui-testing";
		};
/* End PBXNativeTarget section */

/* Begin PBXProject section */
		6CF79B7C1CBCB8670081CD50 /* Project object */ = {
			isa = PBXProject;
			attributes = {
				LastUpgradeCheck = 0720;
				ORGANIZATIONNAME = Ardee;
				TargetAttributes = {
					6CF79B831CBCB8670081CD50 = {
						CreatedOnToolsVersion = 7.2;
						DevelopmentTeam = L84JN7857E;
					};
					6CF79B9C1CBCB8670081CD50 = {
						CreatedOnToolsVersion = 7.2;
						TestTargetID = 6CF79B831CBCB8670081CD50;
					};
					6CF79BA71CBCB8670081CD50 = {
						CreatedOnToolsVersion = 7.2;
						TestTargetID = 6CF79B831CBCB8670081CD50;
					};
				};
			};
			buildConfigurationList = 6CF79B7F1CBCB8670081CD50 /* Build configuration list for PBXProject "AppraisalSystem" */;
			compatibilityVersion = "Xcode 3.2";
			developmentRegion = English;
			hasScannedForEncodings = 0;
			knownRegions = (
				en,
				Base,
			);
			mainGroup = 6CF79B7B1CBCB8670081CD50;
			productRefGroup = 6CF79B851CBCB8670081CD50 /* Products */;
			projectDirPath = "";
			projectRoot = "";
			targets = (
				6CF79B831CBCB8670081CD50 /* AppraisalSystem */,
				6CF79B9C1CBCB8670081CD50 /* AppraisalSystemTests */,
				6CF79BA71CBCB8670081CD50 /* AppraisalSystemUITests */,
			);
		};
/* End PBXProject section */

/* Begin PBXResourcesBuildPhase section */
		6CF79B821CBCB8670081CD50 /* Resources */ = {
			isa = PBXResourcesBuildPhase;
			buildActionMask = 2147483647;
			files = (
				6CF79BD01CBCEAF30081CD50 /* RegisterInterface.png in Resources */,
				6CF79BC91CBCD84D0081CD50 /* LoginBtn.PNG in Resources */,
				6CF79BCE1CBCE0EA0081CD50 /* RegisterViewController.xib in Resources */,
				6CF551F51CFEDC9C00DC3330 /* ClassTableViewCell.xib in Resources */,
				6CFF5CBC1CC6778C00406052 /* menuIcon.png in Resources */,
				6C6358F81D0E515D00FB4603 /* TeacherRemarkViewController.xib in Resources */,
				6CF79B971CBCB8670081CD50 /* LaunchScreen.storyboard in Resources */,
				6CFBC5821CECE34900C0E1DD /* banner2.png in Resources */,
				6CF79BD21CBCED1C0081CD50 /* ReturnBtn.PNG in Resources */,
				6CFBC5841CECE34900C0E1DD /* banner3.png in Resources */,
				6CFAF6BB1CBEAA8D00889424 /* classIcon2.png in Resources */,
				6CF31CC11CC77A3E00084C14 /* MBProgressHUD.bundle in Resources */,
				6CF31CC41CC77A3E00084C14 /* pika3.gif in Resources */,
				6CF1FD7B1D0BE87E00FB1C9A /* desk.png in Resources */,
				6CF0D5231D0C77CC00DA6D59 /* SubjectInfTableViewCell.xib in Resources */,
				6CF31CC31CC77A3E00084C14 /* pika2.gif in Resources */,
				6CF79BC11CBCD2CE0081CD50 /* eye_closed.png in Resources */,
				6CFBC5801CECE34900C0E1DD /* banner1.png in Resources */,
				6CF79BC01CBCD2CE0081CD50 /* eye_open.png in Resources */,
				6CF79BC81CBCD84D0081CD50 /* RegisterBtn.PNG in Resources */,
				6CFAF6A91CBE6DC600889424 /* LTPickerView.xib in Resources */,
				6CF31CAD1CC761B900084C14 /* addHang.png in Resources */,
				6CFEFA231CCCC3F80010B4C3 /* TeachInforViewController.xib in Resources */,
				6CFF5CD01CC6954800406052 /* menuBg.png in Resources */,
				6CF9ED6C1D0F3C7D00BE9F19 /* AddSdtViewController.xib in Resources */,
				6CF79BBD1CBCCAD10081CD50 /* LoginInterface.png in Resources */,
				6CF79B941CBCB8670081CD50 /* Assets.xcassets in Resources */,
				6CFAF6AE1CBE90F600889424 /* blueWhite.png in Resources */,
				6CF31CB11CC7630E00084C14 /* addIcon.png in Resources */,
				6CF79BBB1CBCBBCC0081CD50 /* Podfile in Resources */,
				6CFAF6B61CBEA52300889424 /* colleagueIcon.png in Resources */,
				6CF31CAE1CC761B900084C14 /* addLie.png in Resources */,
				6C01FF231CE1C7C0001E648C /* MineInforViewController.xib in Resources */,
				6CFAF6B01CBE92D400889424 /* Icon.png in Resources */,
				6CFAF6B71CBEA52300889424 /* infermationIcon.png in Resources */,
				6CF31CAF1CC761B900084C14 /* addOne.png in Resources */,
				6CFAF6BC1CBEAA8D00889424 /* colleagueIcon2.png in Resources */,
				6CF79B921CBCB8670081CD50 /* Main.storyboard in Resources */,
				6CFAF6B51CBEA52300889424 /* classIcon.png in Resources */,
				6CFF5CCE1CC6801C00406052 /* doge.jpg in Resources */,
				6CFAF6BD1CBEAA8D00889424 /* infermationIcon2.png in Resources */,
			);
			runOnlyForDeploymentPostprocessing = 0;
		};
		6CF79B9B1CBCB8670081CD50 /* Resources */ = {
			isa = PBXResourcesBuildPhase;
			buildActionMask = 2147483647;
			files = (
				6CFBC5831CECE34900C0E1DD /* banner2.png in Resources */,
				6CFBC5851CECE34900C0E1DD /* banner3.png in Resources */,
				6CFBC5811CECE34900C0E1DD /* banner1.png in Resources */,
			);
			runOnlyForDeploymentPostprocessing = 0;
		};
		6CF79BA61CBCB8670081CD50 /* Resources */ = {
			isa = PBXResourcesBuildPhase;
			buildActionMask = 2147483647;
			files = (
			);
			runOnlyForDeploymentPostprocessing = 0;
		};
/* End PBXResourcesBuildPhase section */

/* Begin PBXShellScriptBuildPhase section */
		4306BAF2210A1BDAB0F099E1 /* Copy Pods Resources */ = {
			isa = PBXShellScriptBuildPhase;
			buildActionMask = 2147483647;
			files = (
			);
			inputPaths = (
			);
			name = "Copy Pods Resources";
			outputPaths = (
			);
			runOnlyForDeploymentPostprocessing = 0;
			shellPath = /bin/sh;
			shellScript = "\"${SRCROOT}/Pods/Target Support Files/Pods/Pods-resources.sh\"\n";
			showEnvVarsInLog = 0;
		};
		B4CB950999C87F0AF81D3B1E /* Embed Pods Frameworks */ = {
			isa = PBXShellScriptBuildPhase;
			buildActionMask = 2147483647;
			files = (
			);
			inputPaths = (
			);
			name = "Embed Pods Frameworks";
			outputPaths = (
			);
			runOnlyForDeploymentPostprocessing = 0;
			shellPath = /bin/sh;
			shellScript = "\"${SRCROOT}/Pods/Target Support Files/Pods/Pods-frameworks.sh\"\n";
			showEnvVarsInLog = 0;
		};
		E6C9314C1BB04DDBFCA67467 /* Check Pods Manifest.lock */ = {
			isa = PBXShellScriptBuildPhase;
			buildActionMask = 2147483647;
			files = (
			);
			inputPaths = (
			);
			name = "Check Pods Manifest.lock";
			outputPaths = (
			);
			runOnlyForDeploymentPostprocessing = 0;
			shellPath = /bin/sh;
			shellScript = "diff \"${PODS_ROOT}/../Podfile.lock\" \"${PODS_ROOT}/Manifest.lock\" > /dev/null\nif [[ $? != 0 ]] ; then\n    cat << EOM\nerror: The sandbox is not in sync with the Podfile.lock. Run 'pod install' or update your CocoaPods installation.\nEOM\n    exit 1\nfi\n";
			showEnvVarsInLog = 0;
		};
/* End PBXShellScriptBuildPhase section */

/* Begin PBXSourcesBuildPhase section */
		6CF79B801CBCB8670081CD50 /* Sources */ = {
			isa = PBXSourcesBuildPhase;
			buildActionMask = 2147483647;
			files = (
				6CFAF6C11CBEAB7700889424 /* TabViewController.m in Sources */,
				6CF66D181D0D4C1D002CEA08 /* HistroyViewController.m in Sources */,
				6CFEFA301CCD26670010B4C3 /* UIView+anchorPoint.m in Sources */,
				6CFAF6D01CBEAE0C00889424 /* ColleagueViewController.m in Sources */,
				6CF31CC21CC77A3E00084C14 /* MBProgressHUD.m in Sources */,
				6C6358F71D0E515D00FB4603 /* TeacherRemarkViewController.m in Sources */,
				6CFAF6A81CBE6DC600889424 /* LTPickerView.m in Sources */,
				6CF31CA31CC7610200084C14 /* WBPopMenuModel.m in Sources */,
				6CFEFA2F1CCD26670010B4C3 /* UIView+ FrameChange.m in Sources */,
				6CC442F520AD6AF800B9CDFE /* DCPicScrollView.m in Sources */,
				6CF0D51E1D0C4F3800DA6D59 /* SubjectInfViewController.m in Sources */,
				6CFF5CC91CC67DE200406052 /* LLCircleLayer.m in Sources */,
				6CF31CA71CC7610200084C14 /* WBTableViewDataSource.m in Sources */,
				6CFAF6D61CBEAE3900889424 /* MineViewController.m in Sources */,
				6CF31CA81CC7610200084C14 /* WBTableViewDelegate.m in Sources */,
				6CF0D51B1D0C396300DA6D59 /* ClassSubjectViewController.m in Sources */,
				6CFF5CCB1CC67DE200406052 /* LLSlideMenu.m in Sources */,
				6CF79B8F1CBCB8670081CD50 /* ViewController.m in Sources */,
				6CF31CA61CC7610200084C14 /* WBTableViewCell.m in Sources */,
				6CFAF6D31CBEAE2800889424 /* ClassMatesViewController.m in Sources */,
				6CF9ED6B1D0F3C7D00BE9F19 /* AddSdtViewController.m in Sources */,
				6CC442FA20AD6B0500B9CDFE /* LTAlertView.m in Sources */,
				6CFF5CC81CC67DE200406052 /* LLAnimationManager.m in Sources */,
				6CF0D5221D0C77CC00DA6D59 /* SubjectInfTableViewCell.m in Sources */,
				6C01FF221CE1C7C0001E648C /* MineInforViewController.m in Sources */,
				6CFEFA221CCCC3F80010B4C3 /* TeachInforViewController.m in Sources */,
				6CF31CC01CC77A3E00084C14 /* MBProgressHUD+LJ.m in Sources */,
				6CFEFA291CCD14870010B4C3 /* XWInteractiveTransition.m in Sources */,
				6CFEFA2A1CCD14870010B4C3 /* XWPresentOneTransition.m in Sources */,
				6CF31CBF1CC77A3E00084C14 /* GiFHUD.m in Sources */,
				6CF79B8C1CBCB8670081CD50 /* AppDelegate.m in Sources */,
				6CF31CA51CC7610200084C14 /* WBPopMenuView.m in Sources */,
				6CF551F41CFEDC9C00DC3330 /* ClassTableViewCell.m in Sources */,
				6CF31CC51CC77A3E00084C14 /* UIImage+GIF.m in Sources */,
				6CF79B891CBCB8670081CD50 /* main.m in Sources */,
				6CF551F81CFEDFF000DC3330 /* ClassMateEngine.m in Sources */,
				6CFF5CCA1CC67DE200406052 /* LLDisplayLayer.m in Sources */,
				6C05CBAC1D08192300F71A98 /* ClassPersonViewController.m in Sources */,
				6CC442F620AD6AF800B9CDFE /* DCWebImageManager.m in Sources */,
				6CF79BCD1CBCE0EA0081CD50 /* RegisterViewController.m in Sources */,
				6CFF5CCC1CC67DE200406052 /* UIView+SetRect.m in Sources */,
				6CF31CA41CC7610200084C14 /* WBPopMenuSingleton.m in Sources */,
			);
			runOnlyForDeploymentPostprocessing = 0;
		};
		6CF79B991CBCB8670081CD50 /* Sources */ = {
			isa = PBXSourcesBuildPhase;
			buildActionMask = 2147483647;
			files = (
				6CF79BA21CBCB8670081CD50 /* AppraisalSystemTests.m in Sources */,
			);
			runOnlyForDeploymentPostprocessing = 0;
		};
		6CF79BA41CBCB8670081CD50 /* Sources */ = {
			isa = PBXSourcesBuildPhase;
			buildActionMask = 2147483647;
			files = (
				6CF79BAD1CBCB8670081CD50 /* AppraisalSystemUITests.m in Sources */,
			);
			runOnlyForDeploymentPostprocessing = 0;
		};
/* End PBXSourcesBuildPhase section */

/* Begin PBXTargetDependency section */
		6CF79B9F1CBCB8670081CD50 /* PBXTargetDependency */ = {
			isa = PBXTargetDependency;
			target = 6CF79B831CBCB8670081CD50 /* AppraisalSystem */;
			targetProxy = 6CF79B9E1CBCB8670081CD50 /* PBXContainerItemProxy */;
		};
		6CF79BAA1CBCB8670081CD50 /* PBXTargetDependency */ = {
			isa = PBXTargetDependency;
			target = 6CF79B831CBCB8670081CD50 /* AppraisalSystem */;
			targetProxy = 6CF79BA91CBCB8670081CD50 /* PBXContainerItemProxy */;
		};
/* End PBXTargetDependency section */

/* Begin PBXVariantGroup section */
		6CF79B901CBCB8670081CD50 /* Main.storyboard */ = {
			isa = PBXVariantGroup;
			children = (
				6CF79B911CBCB8670081CD50 /* Base */,
			);
			name = Main.storyboard;
			sourceTree = "<group>";
		};
		6CF79B951CBCB8670081CD50 /* LaunchScreen.storyboard */ = {
			isa = PBXVariantGroup;
			children = (
				6CF79B961CBCB8670081CD50 /* Base */,
			);
			name = LaunchScreen.storyboard;
			sourceTree = "<group>";
		};
/* End PBXVariantGroup section */

/* Begin XCBuildConfiguration section */
		6CF79BAF1CBCB8670081CD50 /* Debug */ = {
			isa = XCBuildConfiguration;
			buildSettings = {
				ALWAYS_SEARCH_USER_PATHS = NO;
				CLANG_CXX_LANGUAGE_STANDARD = "gnu++0x";
				CLANG_CXX_LIBRARY = "libc++";
				CLANG_ENABLE_MODULES = YES;
				CLANG_ENABLE_OBJC_ARC = YES;
				CLANG_WARN_BOOL_CONVERSION = YES;
				CLANG_WARN_CONSTANT_CONVERSION = YES;
				CLANG_WARN_DIRECT_OBJC_ISA_USAGE = YES_ERROR;
				CLANG_WARN_EMPTY_BODY = YES;
				CLANG_WARN_ENUM_CONVERSION = YES;
				CLANG_WARN_INT_CONVERSION = YES;
				CLANG_WARN_OBJC_ROOT_CLASS = YES_ERROR;
				CLANG_WARN_UNREACHABLE_CODE = YES;
				CLANG_WARN__DUPLICATE_METHOD_MATCH = YES;
				"CODE_SIGN_IDENTITY[sdk=iphoneos*]" = "iPhone Developer";
				COPY_PHASE_STRIP = NO;
				DEBUG_INFORMATION_FORMAT = dwarf;
				ENABLE_STRICT_OBJC_MSGSEND = YES;
				ENABLE_TESTABILITY = YES;
				GCC_C_LANGUAGE_STANDARD = gnu99;
				GCC_DYNAMIC_NO_PIC = NO;
				GCC_NO_COMMON_BLOCKS = YES;
				GCC_OPTIMIZATION_LEVEL = 0;
				GCC_PREPROCESSOR_DEFINITIONS = (
					"DEBUG=1",
					"$(inherited)",
				);
				GCC_WARN_64_TO_32_BIT_CONVERSION = YES;
				GCC_WARN_ABOUT_RETURN_TYPE = YES_ERROR;
				GCC_WARN_UNDECLARED_SELECTOR = YES;
				GCC_WARN_UNINITIALIZED_AUTOS = YES_AGGRESSIVE;
				GCC_WARN_UNUSED_FUNCTION = YES;
				GCC_WARN_UNUSED_VARIABLE = YES;
				IPHONEOS_DEPLOYMENT_TARGET = 9.2;
				MTL_ENABLE_DEBUG_INFO = YES;
				ONLY_ACTIVE_ARCH = YES;
				SDKROOT = iphoneos;
			};
			name = Debug;
		};
		6CF79BB01CBCB8670081CD50 /* Release */ = {
			isa = XCBuildConfiguration;
			buildSettings = {
				ALWAYS_SEARCH_USER_PATHS = NO;
				CLANG_CXX_LANGUAGE_STANDARD = "gnu++0x";
				CLANG_CXX_LIBRARY = "libc++";
				CLANG_ENABLE_MODULES = YES;
				CLANG_ENABLE_OBJC_ARC = YES;
				CLANG_WARN_BOOL_CONVERSION = YES;
				CLANG_WARN_CONSTANT_CONVERSION = YES;
				CLANG_WARN_DIRECT_OBJC_ISA_USAGE = YES_ERROR;
				CLANG_WARN_EMPTY_BODY = YES;
				CLANG_WARN_ENUM_CONVERSION = YES;
				CLANG_WARN_INT_CONVERSION = YES;
				CLANG_WARN_OBJC_ROOT_CLASS = YES_ERROR;
				CLANG_WARN_UNREACHABLE_CODE = YES;
				CLANG_WARN__DUPLICATE_METHOD_MATCH = YES;
				"CODE_SIGN_IDENTITY[sdk=iphoneos*]" = "iPhone Developer";
				COPY_PHASE_STRIP = NO;
				DEBUG_INFORMATION_FORMAT = "dwarf-with-dsym";
				ENABLE_NS_ASSERTIONS = NO;
				ENABLE_STRICT_OBJC_MSGSEND = YES;
				GCC_C_LANGUAGE_STANDARD = gnu99;
				GCC_NO_COMMON_BLOCKS = YES;
				GCC_WARN_64_TO_32_BIT_CONVERSION = YES;
				GCC_WARN_ABOUT_RETURN_TYPE = YES_ERROR;
				GCC_WARN_UNDECLARED_SELECTOR = YES;
				GCC_WARN_UNINITIALIZED_AUTOS = YES_AGGRESSIVE;
				GCC_WARN_UNUSED_FUNCTION = YES;
				GCC_WARN_UNUSED_VARIABLE = YES;
				IPHONEOS_DEPLOYMENT_TARGET = 9.2;
				MTL_ENABLE_DEBUG_INFO = NO;
				SDKROOT = iphoneos;
				VALIDATE_PRODUCT = YES;
			};
			name = Release;
		};
		6CF79BB21CBCB8670081CD50 /* Debug */ = {
			isa = XCBuildConfiguration;
			baseConfigurationReference = EBEFF0D2E4FA828BC6A17D7D /* Pods.debug.xcconfig */;
			buildSettings = {
				ASSETCATALOG_COMPILER_APPICON_NAME = AppIcon;
				CODE_SIGN_IDENTITY = "iPhone Developer";
				INFOPLIST_FILE = AppraisalSystem/Info.plist;
				LD_RUNPATH_SEARCH_PATHS = "$(inherited) @executable_path/Frameworks";
				PRODUCT_BUNDLE_IDENTIFIER = com.9c324.Train.AppraisalSystem;
				PRODUCT_NAME = "$(TARGET_NAME)";
			};
			name = Debug;
		};
		6CF79BB31CBCB8670081CD50 /* Release */ = {
			isa = XCBuildConfiguration;
			baseConfigurationReference = 05F4FF5B82CBF08955A98B7D /* Pods.release.xcconfig */;
			buildSettings = {
				ASSETCATALOG_COMPILER_APPICON_NAME = AppIcon;
				CODE_SIGN_IDENTITY = "iPhone Developer";
				INFOPLIST_FILE = AppraisalSystem/Info.plist;
				LD_RUNPATH_SEARCH_PATHS = "$(inherited) @executable_path/Frameworks";
				PRODUCT_BUNDLE_IDENTIFIER = com.9c324.Train.AppraisalSystem;
				PRODUCT_NAME = "$(TARGET_NAME)";
			};
			name = Release;
		};
		6CF79BB51CBCB8670081CD50 /* Debug */ = {
			isa = XCBuildConfiguration;
			buildSettings = {
				BUNDLE_LOADER = "$(TEST_HOST)";
				INFOPLIST_FILE = AppraisalSystemTests/Info.plist;
				LD_RUNPATH_SEARCH_PATHS = "$(inherited) @executable_path/Frameworks @loader_path/Frameworks";
				PRODUCT_BUNDLE_IDENTIFIER = com.9c324.Train.AppraisalSystemTests;
				PRODUCT_NAME = "$(TARGET_NAME)";
				TEST_HOST = "$(BUILT_PRODUCTS_DIR)/AppraisalSystem.app/AppraisalSystem";
			};
			name = Debug;
		};
		6CF79BB61CBCB8670081CD50 /* Release */ = {
			isa = XCBuildConfiguration;
			buildSettings = {
				BUNDLE_LOADER = "$(TEST_HOST)";
				INFOPLIST_FILE = AppraisalSystemTests/Info.plist;
				LD_RUNPATH_SEARCH_PATHS = "$(inherited) @executable_path/Frameworks @loader_path/Frameworks";
				PRODUCT_BUNDLE_IDENTIFIER = com.9c324.Train.AppraisalSystemTests;
				PRODUCT_NAME = "$(TARGET_NAME)";
				TEST_HOST = "$(BUILT_PRODUCTS_DIR)/AppraisalSystem.app/AppraisalSystem";
			};
			name = Release;
		};
		6CF79BB81CBCB8670081CD50 /* Debug */ = {
			isa = XCBuildConfiguration;
			buildSettings = {
				INFOPLIST_FILE = AppraisalSystemUITests/Info.plist;
				LD_RUNPATH_SEARCH_PATHS = "$(inherited) @executable_path/Frameworks @loader_path/Frameworks";
				PRODUCT_BUNDLE_IDENTIFIER = com.9c324.Train.AppraisalSystemUITests;
				PRODUCT_NAME = "$(TARGET_NAME)";
				TEST_TARGET_NAME = AppraisalSystem;
				USES_XCTRUNNER = YES;
			};
			name = Debug;
		};
		6CF79BB91CBCB8670081CD50 /* Release */ = {
			isa = XCBuildConfiguration;
			buildSettings = {
				INFOPLIST_FILE = AppraisalSystemUITests/Info.plist;
				LD_RUNPATH_SEARCH_PATHS = "$(inherited) @executable_path/Frameworks @loader_path/Frameworks";
				PRODUCT_BUNDLE_IDENTIFIER = com.9c324.Train.AppraisalSystemUITests;
				PRODUCT_NAME = "$(TARGET_NAME)";
				TEST_TARGET_NAME = AppraisalSystem;
				USES_XCTRUNNER = YES;
			};
			name = Release;
		};
/* End XCBuildConfiguration section */

/* Begin XCConfigurationList section */
		6CF79B7F1CBCB8670081CD50 /* Build configuration list for PBXProject "AppraisalSystem" */ = {
			isa = XCConfigurationList;
			buildConfigurations = (
				6CF79BAF1CBCB8670081CD50 /* Debug */,
				6CF79BB01CBCB8670081CD50 /* Release */,
			);
			defaultConfigurationIsVisible = 0;
			defaultConfigurationName = Release;
		};
		6CF79BB11CBCB8670081CD50 /* Build configuration list for PBXNativeTarget "AppraisalSystem" */ = {
			isa = XCConfigurationList;
			buildConfigurations = (
				6CF79BB21CBCB8670081CD50 /* Debug */,
				6CF79BB31CBCB8670081CD50 /* Release */,
			);
			defaultConfigurationIsVisible = 0;
			defaultConfigurationName = Release;
		};
		6CF79BB41CBCB8670081CD50 /* Build configuration list for PBXNativeTarget "AppraisalSystemTests" */ = {
			isa = XCConfigurationList;
			buildConfigurations = (
				6CF79BB51CBCB8670081CD50 /* Debug */,
				6CF79BB61CBCB8670081CD50 /* Release */,
			);
			defaultConfigurationIsVisible = 0;
			defaultConfigurationName = Release;
		};
		6CF79BB71CBCB8670081CD50 /* Build configuration list for PBXNativeTarget "AppraisalSystemUITests" */ = {
			isa = XCConfigurationList;
			buildConfigurations = (
				6CF79BB81CBCB8670081CD50 /* Debug */,
				6CF79BB91CBCB8670081CD50 /* Release */,
			);
			defaultConfigurationIsVisible = 0;
			defaultConfigurationName = Release;
		};
/* End XCConfigurationList section */
	};
	rootObject = 6CF79B7C1CBCB8670081CD50 /* Project object */;
}
